
Microsoft Visual Studio Solution File, Format Version 12.00
# Visual Studio 15
VisualStudioVersion = 15.0.28307.102
MinimumVisualStudioVersion = 10.0.40219.1
Project("{FAE04EC0-301F-11D3-BF4B-00C04F79EFBC}") = "ConsoleApp1", "ConsoleApp1\ConsoleApp1.csproj", "{AA384C3D-DC19-4A75-B4D0-D56A13C8FE19}"
EndProject
Project("{FAE04EC0-301F-11D3-BF4B-00C04F79EFBC}") = "ConsoleApp2", "ConsoleApp2\ConsoleApp2.csproj", "{BAEA5402-1909-4099-A0BD-6F00821F6374}"
EndProject
Project("{FAE04EC0-301F-11D3-BF4B-00C04F79EFBC}") = "ConsoleApp3", "ConsoleApp3\ConsoleApp3.csproj", "{B1782041-E857-4B17-B9FA-BE83B30CB82B}"
EndProject
Global
	GlobalSection(SolutionConfigurationPlatforms) = preSolution
		Debug|Any CPU = Debug|Any CPU
		Release|Any CPU = Release|Any CPU
	EndGlobalSection
	GlobalSection(ProjectConfigurationPlatforms) = postSolution
		{AA384C3D-DC19-4A75-B4D0-D56A13C8FE19}.Debug|Any CPU.ActiveCfg = Debug|Any CPU
		{AA384C3D-DC19-4A75-B4D0-D56A13C8FE19}.Debug|Any CPU.Build.0 = Debug|Any CPU
		{AA384C3D-DC19-4A75-B4D0-D56A13C8FE19}.Release|Any CPU.ActiveCfg = Release|Any CPU
		{AA384C3D-DC19-4A75-B4D0-D56A13C8FE19}.Release|Any CPU.Build.0 = Release|Any CPU
		{BAEA5402-1909-4099-A0BD-6F00821F6374}.Debug|Any CPU.ActiveCfg = Debug|Any CPU
		{BAEA5402-1909-4099-A0BD-6F00821F6374}.Debug|Any CPU.Build.0 = Debug|Any CPU
		{BAEA5402-1909-4099-A0BD-6F00821F6374}.Release|Any CPU.ActiveCfg = Release|Any CPU
		{BAEA5402-1909-4099-A0BD-6F00821F6374}.Release|Any CPU.Build.0 = Release|Any CPU
		{B1782041-E857-4B17-B9FA-BE83B30CB82B}.Debug|Any CPU.ActiveCfg = Debug|Any CPU
		{B1782041-E857-4B17-B9FA-BE83B30CB82B}.Debug|Any CPU.Build.0 = Debug|Any CPU
		{B1782041-E857-4B17-B9FA-BE83B30CB82B}.Release|Any CPU.ActiveCfg = Release|Any CPU
		{B1782041-E857-4B17-B9FA-BE83B30CB82B}.Release|Any CPU.Build.0 = Release|Any CPU
	EndGlobalSection
	GlobalSection(SolutionProperties) = preSolution
		HideSolutionNode = FALSE
	EndGlobalSection
	GlobalSection(ExtensibilityGlobals) = postSolution
		SolutionGuid = {356940AF-F5EE-486C-BD3F-E2F25B0AD43F}
	EndGlobalSection
EndGlobal
